
Microsoft Visual Studio Solution File, Format Version 12.00
# Visual Studio Version 17
VisualStudioVersion = 17.9.34723.18
MinimumVisualStudioVersion = 10.0.40219.1
Project("{9A19103F-16F7-4668-BE54-9A1E7A4F7556}") = "Shlykovich", "Shlykovich.csproj", "{10958D9E-8211-4F9B-AF90-728EACA2E685}"
EndProject
Global
	GlobalSection(SolutionConfigurationPlatforms) = preSolution
		Debug|Any CPU = Debug|Any CPU
		Release|Any CPU = Release|Any CPU
	EndGlobalSection
	GlobalSection(ProjectConfigurationPlatforms) = postSolution
		{10958D9E-8211-4F9B-AF90-728EACA2E685}.Debug|Any CPU.ActiveCfg = Debug|Any CPU
		{10958D9E-8211-4F9B-AF90-728EACA2E685}.Debug|Any CPU.Build.0 = Debug|Any CPU
		{10958D9E-8211-4F9B-AF90-728EACA2E685}.Release|Any CPU.ActiveCfg = Release|Any CPU
		{10958D9E-8211-4F9B-AF90-728EACA2E685}.Release|Any CPU.Build.0 = Release|Any CPU
	EndGlobalSection
	GlobalSection(SolutionProperties) = preSolution
		HideSolutionNode = FALSE
	EndGlobalSection
	GlobalSection(ExtensibilityGlobals) = postSolution
		SolutionGuid = {54CA94CC-4D53-4086-BAFD-E7573038DF55}
	EndGlobalSection
EndGlobal
